
Microsoft Visual Studio Solution File, Format Version 12.00
# Visual Studio Version 17
VisualStudioVersion = 17.11.35219.272
MinimumVisualStudioVersion = 10.0.40219.1
Project("{888888A0-9F3D-457C-B088-3A5042F75D52}") = "pohikonstruktsioonid", "pohikonstruktsioonid.pyproj", "{A0B5FE5F-4F2C-4A47-977D-2E82BC3FEA75}"
EndProject
Global
	GlobalSection(SolutionConfigurationPlatforms) = preSolution
		Debug|Any CPU = Debug|Any CPU
		Release|Any CPU = Release|Any CPU
	EndGlobalSection
	GlobalSection(ProjectConfigurationPlatforms) = postSolution
		{A0B5FE5F-4F2C-4A47-977D-2E82BC3FEA75}.Debug|Any CPU.ActiveCfg = Debug|Any CPU
		{A0B5FE5F-4F2C-4A47-977D-2E82BC3FEA75}.Release|Any CPU.ActiveCfg = Release|Any CPU
	EndGlobalSection
	GlobalSection(SolutionProperties) = preSolution
		HideSolutionNode = FALSE
	EndGlobalSection
	GlobalSection(ExtensibilityGlobals) = postSolution
		SolutionGuid = {58168F1C-C6DF-4D16-BB82-7273E059013D}
	EndGlobalSection
EndGlobal
